
Microsoft Visual Studio Solution File, Format Version 12.00
# Visual Studio Version 16
VisualStudioVersion = 16.0.32901.82
MinimumVisualStudioVersion = 10.0.40219.1
Project("{888888A0-9F3D-457C-B088-3A5042F75D52}") = "Spam Or Ham", "Spam Or Ham\Spam Or Ham.pyproj", "{6EA67803-6DFF-4339-B3E0-A5BA99C6CC58}"
EndProject
Global
	GlobalSection(SolutionConfigurationPlatforms) = preSolution
		Debug|Any CPU = Debug|Any CPU
		Release|Any CPU = Release|Any CPU
	EndGlobalSection
	GlobalSection(ProjectConfigurationPlatforms) = postSolution
		{6EA67803-6DFF-4339-B3E0-A5BA99C6CC58}.Debug|Any CPU.ActiveCfg = Debug|Any CPU
		{6EA67803-6DFF-4339-B3E0-A5BA99C6CC58}.Release|Any CPU.ActiveCfg = Release|Any CPU
	EndGlobalSection
	GlobalSection(SolutionProperties) = preSolution
		HideSolutionNode = FALSE
	EndGlobalSection
	GlobalSection(ExtensibilityGlobals) = postSolution
		SolutionGuid = {A5528071-9D47-4328-BFA2-3DD0184A2343}
	EndGlobalSection
EndGlobal
